
Microsoft Visual Studio Solution File, Format Version 12.00
# Visual Studio 15
VisualStudioVersion = 15.0.27428.2005
MinimumVisualStudioVersion = 10.0.40219.1
Project("{FAE04EC0-301F-11D3-BF4B-00C04F79EFBC}") = "MagiCore", "MagiCore\MagiCore.csproj", "{FA1D5FA2-6F5B-4F0C-8250-AE5A70595A68}"
EndProject
Project("{2150E333-8FDC-42A3-9474-1A3956D46DE8}") = "Solution Items", "Solution Items", "{3600D671-174C-47B2-9D81-0C5B98D5AE3D}"
	ProjectSection(SolutionItems) = preProject
		buildRelease.bat = buildRelease.bat
		ChangeLog.txt = ChangeLog.txt
		deploy.bat = deploy.bat
		jenkins.txt = jenkins.txt
		MagiCore.version = MagiCore.version
		ReadMe.md = ReadMe.md
	EndProjectSection
EndProject
Global
	GlobalSection(SolutionConfigurationPlatforms) = preSolution
		Debug|Any CPU = Debug|Any CPU
		Release|Any CPU = Release|Any CPU
	EndGlobalSection
	GlobalSection(ProjectConfigurationPlatforms) = postSolution
		{FA1D5FA2-6F5B-4F0C-8250-AE5A70595A68}.Debug|Any CPU.ActiveCfg = Debug|Any CPU
		{FA1D5FA2-6F5B-4F0C-8250-AE5A70595A68}.Debug|Any CPU.Build.0 = Debug|Any CPU
		{FA1D5FA2-6F5B-4F0C-8250-AE5A70595A68}.Release|Any CPU.ActiveCfg = Release|Any CPU
		{FA1D5FA2-6F5B-4F0C-8250-AE5A70595A68}.Release|Any CPU.Build.0 = Release|Any CPU
	EndGlobalSection
	GlobalSection(SolutionProperties) = preSolution
		HideSolutionNode = FALSE
	EndGlobalSection
	GlobalSection(ExtensibilityGlobals) = postSolution
		SolutionGuid = {5FC4B104-5074-44F1-8C38-6FFB0B73894A}
	EndGlobalSection
EndGlobal
